
Microsoft Visual Studio Solution File, Format Version 12.00
# Visual Studio Version 17
VisualStudioVersion = 17.5.33530.505
MinimumVisualStudioVersion = 10.0.40219.1
Project("{FAE04EC0-301F-11D3-BF4B-00C04F79EFBC}") = "201835002_BurgerShop", "201835002_BurgerShop\201835002_BurgerShop.csproj", "{49EE5F2A-1CC3-47ED-A83C-A42B1B5AFD5F}"
EndProject
Global
	GlobalSection(SolutionConfigurationPlatforms) = preSolution
		Debug|Any CPU = Debug|Any CPU
		Release|Any CPU = Release|Any CPU
	EndGlobalSection
	GlobalSection(ProjectConfigurationPlatforms) = postSolution
		{49EE5F2A-1CC3-47ED-A83C-A42B1B5AFD5F}.Debug|Any CPU.ActiveCfg = Debug|Any CPU
		{49EE5F2A-1CC3-47ED-A83C-A42B1B5AFD5F}.Debug|Any CPU.Build.0 = Debug|Any CPU
		{49EE5F2A-1CC3-47ED-A83C-A42B1B5AFD5F}.Release|Any CPU.ActiveCfg = Release|Any CPU
		{49EE5F2A-1CC3-47ED-A83C-A42B1B5AFD5F}.Release|Any CPU.Build.0 = Release|Any CPU
	EndGlobalSection
	GlobalSection(SolutionProperties) = preSolution
		HideSolutionNode = FALSE
	EndGlobalSection
	GlobalSection(ExtensibilityGlobals) = postSolution
		SolutionGuid = {8D254EDB-64C9-474E-8BB2-34A1B505BC40}
	EndGlobalSection
EndGlobal
